
Microsoft Visual Studio Solution File, Format Version 12.00
# Visual Studio Version 16
VisualStudioVersion = 16.0.31025.218
MinimumVisualStudioVersion = 10.0.40219.1
Project("{FAE04EC0-301F-11D3-BF4B-00C04F79EFBC}") = "ApiPresupuesto", "ApiPresupuesto.csproj", "{8A17425B-AA68-41BC-A889-70D649D6B0AF}"
EndProject
Global
	GlobalSection(SolutionConfigurationPlatforms) = preSolution
		Debug|Any CPU = Debug|Any CPU
		Release|Any CPU = Release|Any CPU
	EndGlobalSection
	GlobalSection(ProjectConfigurationPlatforms) = postSolution
		{8A17425B-AA68-41BC-A889-70D649D6B0AF}.Debug|Any CPU.ActiveCfg = Debug|Any CPU
		{8A17425B-AA68-41BC-A889-70D649D6B0AF}.Debug|Any CPU.Build.0 = Debug|Any CPU
		{8A17425B-AA68-41BC-A889-70D649D6B0AF}.Release|Any CPU.ActiveCfg = Release|Any CPU
		{8A17425B-AA68-41BC-A889-70D649D6B0AF}.Release|Any CPU.Build.0 = Release|Any CPU
	EndGlobalSection
	GlobalSection(SolutionProperties) = preSolution
		HideSolutionNode = FALSE
	EndGlobalSection
	GlobalSection(ExtensibilityGlobals) = postSolution
		SolutionGuid = {E3F8042E-D5F5-43C7-BE25-D78683550FDC}
	EndGlobalSection
EndGlobal
